
Microsoft Visual Studio Solution File, Format Version 12.00
# Visual Studio Version 16
VisualStudioVersion = 16.0.32802.440
MinimumVisualStudioVersion = 10.0.40219.1
Project("{9A19103F-16F7-4668-BE54-9A1E7A4F7556}") = "KampIntro", "KampIntro.csproj", "{1A0FFB05-1DDA-4C43-BCE4-EE7EF20EC78D}"
EndProject
Project("{9A19103F-16F7-4668-BE54-9A1E7A4F7556}") = "Donguler", "..\Donguler\Donguler.csproj", "{4C8D156E-84B0-46E5-A4C4-F030D19B6D2B}"
EndProject
Project("{9A19103F-16F7-4668-BE54-9A1E7A4F7556}") = "ClassIntro", "..\ClassIntro\ClassIntro.csproj", "{8DBA83E5-A283-4457-A296-861AA3841971}"
EndProject
Project("{9A19103F-16F7-4668-BE54-9A1E7A4F7556}") = "Metotlar", "..\Metotlar\Metotlar.csproj", "{9AFE7C07-ECCE-4A6E-90C8-502D92966037}"
EndProject
Project("{9A19103F-16F7-4668-BE54-9A1E7A4F7556}") = "Matematik", "..\Matematik\Matematik.csproj", "{798842E9-8FF5-4A1B-9847-47CF2BE7ED0A}"
EndProject
Project("{9A19103F-16F7-4668-BE54-9A1E7A4F7556}") = "DegerVeReferansTipler", "..\DegerVeReferansTipler\DegerVeReferansTipler.csproj", "{0D611463-B3AF-4609-9CFE-3A4118D51F2B}"
EndProject
Project("{FAE04EC0-301F-11D3-BF4B-00C04F79EFBC}") = "OOP1", "..\OOP1\OOP1.csproj", "{5F4E133C-EBFE-40E1-8DF7-95B3BE2360C1}"
EndProject
Global
	GlobalSection(SolutionConfigurationPlatforms) = preSolution
		Debug|Any CPU = Debug|Any CPU
		Release|Any CPU = Release|Any CPU
	EndGlobalSection
	GlobalSection(ProjectConfigurationPlatforms) = postSolution
		{1A0FFB05-1DDA-4C43-BCE4-EE7EF20EC78D}.Debug|Any CPU.ActiveCfg = Debug|Any CPU
		{1A0FFB05-1DDA-4C43-BCE4-EE7EF20EC78D}.Debug|Any CPU.Build.0 = Debug|Any CPU
		{1A0FFB05-1DDA-4C43-BCE4-EE7EF20EC78D}.Release|Any CPU.ActiveCfg = Release|Any CPU
		{1A0FFB05-1DDA-4C43-BCE4-EE7EF20EC78D}.Release|Any CPU.Build.0 = Release|Any CPU
		{4C8D156E-84B0-46E5-A4C4-F030D19B6D2B}.Debug|Any CPU.ActiveCfg = Debug|Any CPU
		{4C8D156E-84B0-46E5-A4C4-F030D19B6D2B}.Debug|Any CPU.Build.0 = Debug|Any CPU
		{4C8D156E-84B0-46E5-A4C4-F030D19B6D2B}.Release|Any CPU.ActiveCfg = Release|Any CPU
		{4C8D156E-84B0-46E5-A4C4-F030D19B6D2B}.Release|Any CPU.Build.0 = Release|Any CPU
		{8DBA83E5-A283-4457-A296-861AA3841971}.Debug|Any CPU.ActiveCfg = Debug|Any CPU
		{8DBA83E5-A283-4457-A296-861AA3841971}.Debug|Any CPU.Build.0 = Debug|Any CPU
		{8DBA83E5-A283-4457-A296-861AA3841971}.Release|Any CPU.ActiveCfg = Release|Any CPU
		{8DBA83E5-A283-4457-A296-861AA3841971}.Release|Any CPU.Build.0 = Release|Any CPU
		{9AFE7C07-ECCE-4A6E-90C8-502D92966037}.Debug|Any CPU.ActiveCfg = Debug|Any CPU
		{9AFE7C07-ECCE-4A6E-90C8-502D92966037}.Debug|Any CPU.Build.0 = Debug|Any CPU
		{9AFE7C07-ECCE-4A6E-90C8-502D92966037}.Release|Any CPU.ActiveCfg = Release|Any CPU
		{9AFE7C07-ECCE-4A6E-90C8-502D92966037}.Release|Any CPU.Build.0 = Release|Any CPU
		{798842E9-8FF5-4A1B-9847-47CF2BE7ED0A}.Debug|Any CPU.ActiveCfg = Debug|Any CPU
		{798842E9-8FF5-4A1B-9847-47CF2BE7ED0A}.Debug|Any CPU.Build.0 = Debug|Any CPU
		{798842E9-8FF5-4A1B-9847-47CF2BE7ED0A}.Release|Any CPU.ActiveCfg = Release|Any CPU
		{798842E9-8FF5-4A1B-9847-47CF2BE7ED0A}.Release|Any CPU.Build.0 = Release|Any CPU
		{0D611463-B3AF-4609-9CFE-3A4118D51F2B}.Debug|Any CPU.ActiveCfg = Debug|Any CPU
		{0D611463-B3AF-4609-9CFE-3A4118D51F2B}.Debug|Any CPU.Build.0 = Debug|Any CPU
		{0D611463-B3AF-4609-9CFE-3A4118D51F2B}.Release|Any CPU.ActiveCfg = Release|Any CPU
		{0D611463-B3AF-4609-9CFE-3A4118D51F2B}.Release|Any CPU.Build.0 = Release|Any CPU
		{5F4E133C-EBFE-40E1-8DF7-95B3BE2360C1}.Debug|Any CPU.ActiveCfg = Debug|Any CPU
		{5F4E133C-EBFE-40E1-8DF7-95B3BE2360C1}.Debug|Any CPU.Build.0 = Debug|Any CPU
		{5F4E133C-EBFE-40E1-8DF7-95B3BE2360C1}.Release|Any CPU.ActiveCfg = Release|Any CPU
		{5F4E133C-EBFE-40E1-8DF7-95B3BE2360C1}.Release|Any CPU.Build.0 = Release|Any CPU
	EndGlobalSection
	GlobalSection(SolutionProperties) = preSolution
		HideSolutionNode = FALSE
	EndGlobalSection
	GlobalSection(ExtensibilityGlobals) = postSolution
		SolutionGuid = {7733386F-AB40-4458-B3A0-756C39B72C9F}
	EndGlobalSection
EndGlobal
